
Microsoft Visual Studio Solution File, Format Version 12.00
# Visual Studio 15
VisualStudioVersion = 15.0.27703.2042
MinimumVisualStudioVersion = 10.0.40219.1
Project("{FAE04EC0-301F-11D3-BF4B-00C04F79EFBC}") = "Gauss_LGS", "ConsoleApp2\Gauss_LGS.csproj", "{116EDA69-0A77-4ECC-BA9E-3206B1EA102B}"
EndProject
Global
	GlobalSection(SolutionConfigurationPlatforms) = preSolution
		Debug|Any CPU = Debug|Any CPU
		Release|Any CPU = Release|Any CPU
	EndGlobalSection
	GlobalSection(ProjectConfigurationPlatforms) = postSolution
		{116EDA69-0A77-4ECC-BA9E-3206B1EA102B}.Debug|Any CPU.ActiveCfg = Debug|Any CPU
		{116EDA69-0A77-4ECC-BA9E-3206B1EA102B}.Debug|Any CPU.Build.0 = Debug|Any CPU
		{116EDA69-0A77-4ECC-BA9E-3206B1EA102B}.Release|Any CPU.ActiveCfg = Release|Any CPU
		{116EDA69-0A77-4ECC-BA9E-3206B1EA102B}.Release|Any CPU.Build.0 = Release|Any CPU
	EndGlobalSection
	GlobalSection(SolutionProperties) = preSolution
		HideSolutionNode = FALSE
	EndGlobalSection
	GlobalSection(ExtensibilityGlobals) = postSolution
		SolutionGuid = {1D7D0463-A71B-4EC7-8F11-962066DE8676}
	EndGlobalSection
EndGlobal
